// !$*UTF8*$!
{
	archiveVersion = 1;
	classes = {
	};
	objectVersion = 55;
	objects = {

/* Begin PBXBuildFile section */
		68152110291CD323002665F7 /* VehicleModel.swift in Sources */ = {isa = PBXBuildFile; fileRef = 6815210F291CD323002665F7 /* VehicleModel.swift */; };
		6815472328F42B5200DFF5EC /* RouteCellTableViewCell.swift in Sources */ = {isa = PBXBuildFile; fileRef = 6815472128F42B5200DFF5EC /* RouteCellTableViewCell.swift */; };
		6815472428F42B5200DFF5EC /* RouteCellTableViewCell.xib in Resources */ = {isa = PBXBuildFile; fileRef = 6815472228F42B5200DFF5EC /* RouteCellTableViewCell.xib */; };
		6815472628F4314B00DFF5EC /* SearchPlacesManager.swift in Sources */ = {isa = PBXBuildFile; fileRef = 6815472528F4314B00DFF5EC /* SearchPlacesManager.swift */; };
		6815472F28F495BC00DFF5EC /* LocationManager.swift in Sources */ = {isa = PBXBuildFile; fileRef = 6815472E28F495BC00DFF5EC /* LocationManager.swift */; };
		681B4B74291153E600ADF5AB /* GoogleGeocodingModel.swift in Sources */ = {isa = PBXBuildFile; fileRef = 681B4B73291153E600ADF5AB /* GoogleGeocodingModel.swift */; };
		681B4B7929117F9400ADF5AB /* ApiRequestManager.swift in Sources */ = {isa = PBXBuildFile; fileRef = 681B4B7829117F9400ADF5AB /* ApiRequestManager.swift */; };
		681B4B7C2911906300ADF5AB /* Requests.swift in Sources */ = {isa = PBXBuildFile; fileRef = 681B4B7B2911906300ADF5AB /* Requests.swift */; };
		681B4B7F2911949A00ADF5AB /* MapBottomSheetProtocol.swift in Sources */ = {isa = PBXBuildFile; fileRef = 681B4B7E2911949A00ADF5AB /* MapBottomSheetProtocol.swift */; };
		681B4B822911968E00ADF5AB /* MapBottomViewPresenter.swift in Sources */ = {isa = PBXBuildFile; fileRef = 681B4B812911968E00ADF5AB /* MapBottomViewPresenter.swift */; };
		681CAE3B2924E9700070D84D /* ResultViewBottomSheet.swift in Sources */ = {isa = PBXBuildFile; fileRef = 681CAE392924E9700070D84D /* ResultViewBottomSheet.swift */; };
		681CAE3C2924E9700070D84D /* ResultViewBottomSheet.xib in Resources */ = {isa = PBXBuildFile; fileRef = 681CAE3A2924E9700070D84D /* ResultViewBottomSheet.xib */; };
		681CAE3E2924E9850070D84D /* ResultViewBottomSheetProtocol.swift in Sources */ = {isa = PBXBuildFile; fileRef = 681CAE3D2924E9850070D84D /* ResultViewBottomSheetProtocol.swift */; };
		681CAE402924E9960070D84D /* ResultViewBottomSheetPresenter.swift in Sources */ = {isa = PBXBuildFile; fileRef = 681CAE3F2924E9960070D84D /* ResultViewBottomSheetPresenter.swift */; };
		681CAE442924F4210070D84D /* InfoTableViewCell.swift in Sources */ = {isa = PBXBuildFile; fileRef = 681CAE422924F4210070D84D /* InfoTableViewCell.swift */; };
		681CAE452924F4210070D84D /* InfoTableViewCell.xib in Resources */ = {isa = PBXBuildFile; fileRef = 681CAE432924F4210070D84D /* InfoTableViewCell.xib */; };
		682609072912E0AC00B8C0E4 /* SearchResultViewController.swift in Sources */ = {isa = PBXBuildFile; fileRef = 682609052912E0AC00B8C0E4 /* SearchResultViewController.swift */; };
		682609082912E0AC00B8C0E4 /* SearchResultViewController.xib in Resources */ = {isa = PBXBuildFile; fileRef = 682609062912E0AC00B8C0E4 /* SearchResultViewController.xib */; };
		682E79E0291C373C0067A535 /* DirectionModel.swift in Sources */ = {isa = PBXBuildFile; fileRef = 682E79DF291C373C0067A535 /* DirectionModel.swift */; };
		68A7196B290974F1009B7360 /* LocationBinder.swift in Sources */ = {isa = PBXBuildFile; fileRef = 68A7196A290974F1009B7360 /* LocationBinder.swift */; };
		68EF848828EF10B500EB4822 /* AppDelegate.swift in Sources */ = {isa = PBXBuildFile; fileRef = 68EF848728EF10B500EB4822 /* AppDelegate.swift */; };
		68EF848A28EF10B500EB4822 /* SceneDelegate.swift in Sources */ = {isa = PBXBuildFile; fileRef = 68EF848928EF10B500EB4822 /* SceneDelegate.swift */; };
		68EF849228EF10B500EB4822 /* RouteCost.xcdatamodeld in Sources */ = {isa = PBXBuildFile; fileRef = 68EF849028EF10B500EB4822 /* RouteCost.xcdatamodeld */; };
		68EF849428EF10BA00EB4822 /* Assets.xcassets in Resources */ = {isa = PBXBuildFile; fileRef = 68EF849328EF10BA00EB4822 /* Assets.xcassets */; };
		68EF849728EF10BA00EB4822 /* LaunchScreen.storyboard in Resources */ = {isa = PBXBuildFile; fileRef = 68EF849528EF10BA00EB4822 /* LaunchScreen.storyboard */; };
		68EF84AA28EF18AF00EB4822 /* TabBarController.swift in Sources */ = {isa = PBXBuildFile; fileRef = 68EF84A928EF18AF00EB4822 /* TabBarController.swift */; };
		68EF84B028EF202200EB4822 /* ProfileViewController.swift in Sources */ = {isa = PBXBuildFile; fileRef = 68EF84AE28EF202200EB4822 /* ProfileViewController.swift */; };
		68EF84B128EF202200EB4822 /* ProfileViewController.xib in Resources */ = {isa = PBXBuildFile; fileRef = 68EF84AF28EF202200EB4822 /* ProfileViewController.xib */; };
		68EF84B828EF213F00EB4822 /* RouteViewController.swift in Sources */ = {isa = PBXBuildFile; fileRef = 68EF84B628EF213F00EB4822 /* RouteViewController.swift */; };
		68EF84B928EF213F00EB4822 /* RouteViewController.xib in Resources */ = {isa = PBXBuildFile; fileRef = 68EF84B728EF213F00EB4822 /* RouteViewController.xib */; };
		68EF84BD28EF242700EB4822 /* UIColorExtension.swift in Sources */ = {isa = PBXBuildFile; fileRef = 68EF84BC28EF242700EB4822 /* UIColorExtension.swift */; };
		68EF84BF28EF25BC00EB4822 /* ModuleBuilder.swift in Sources */ = {isa = PBXBuildFile; fileRef = 68EF84BE28EF25BC00EB4822 /* ModuleBuilder.swift */; };
		68EF84C128EF25C900EB4822 /* MainCoordinator.swift in Sources */ = {isa = PBXBuildFile; fileRef = 68EF84C028EF25C900EB4822 /* MainCoordinator.swift */; };
		68EF84C328EF2ACA00EB4822 /* RoutePresenterProtocol.swift in Sources */ = {isa = PBXBuildFile; fileRef = 68EF84C228EF2ACA00EB4822 /* RoutePresenterProtocol.swift */; };
		68EF84C528EF2B3200EB4822 /* RoutePresenter.swift in Sources */ = {isa = PBXBuildFile; fileRef = 68EF84C428EF2B3200EB4822 /* RoutePresenter.swift */; };
		68EF84C728EF2BA300EB4822 /* ProfileProtocol.swift in Sources */ = {isa = PBXBuildFile; fileRef = 68EF84C628EF2BA300EB4822 /* ProfileProtocol.swift */; };
		68EF84C928EF2C0000EB4822 /* ProfilePresenter.swift in Sources */ = {isa = PBXBuildFile; fileRef = 68EF84C828EF2C0000EB4822 /* ProfilePresenter.swift */; };
		68EF84CF28EF50FA00EB4822 /* MapBottomSheetViewController.swift in Sources */ = {isa = PBXBuildFile; fileRef = 68EF84CD28EF50FA00EB4822 /* MapBottomSheetViewController.swift */; };
		68EF84D028EF50FA00EB4822 /* MapBottomSheetViewController.xib in Resources */ = {isa = PBXBuildFile; fileRef = 68EF84CE28EF50FA00EB4822 /* MapBottomSheetViewController.xib */; };
		68FA2A5629265EEE00CDB002 /* RouteBinder.swift in Sources */ = {isa = PBXBuildFile; fileRef = 68FA2A5529265EEE00CDB002 /* RouteBinder.swift */; };
/* End PBXBuildFile section */

/* Begin PBXFileReference section */
		6815210F291CD323002665F7 /* VehicleModel.swift */ = {isa = PBXFileReference; lastKnownFileType = sourcecode.swift; path = VehicleModel.swift; sourceTree = "<group>"; };
		6815472128F42B5200DFF5EC /* RouteCellTableViewCell.swift */ = {isa = PBXFileReference; lastKnownFileType = sourcecode.swift; path = RouteCellTableViewCell.swift; sourceTree = "<group>"; };
		6815472228F42B5200DFF5EC /* RouteCellTableViewCell.xib */ = {isa = PBXFileReference; lastKnownFileType = file.xib; path = RouteCellTableViewCell.xib; sourceTree = "<group>"; };
		6815472528F4314B00DFF5EC /* SearchPlacesManager.swift */ = {isa = PBXFileReference; lastKnownFileType = sourcecode.swift; path = SearchPlacesManager.swift; sourceTree = "<group>"; };
		6815472E28F495BC00DFF5EC /* LocationManager.swift */ = {isa = PBXFileReference; lastKnownFileType = sourcecode.swift; path = LocationManager.swift; sourceTree = "<group>"; };
		681B4B73291153E600ADF5AB /* GoogleGeocodingModel.swift */ = {isa = PBXFileReference; lastKnownFileType = sourcecode.swift; path = GoogleGeocodingModel.swift; sourceTree = "<group>"; };
		681B4B7829117F9400ADF5AB /* ApiRequestManager.swift */ = {isa = PBXFileReference; lastKnownFileType = sourcecode.swift; path = ApiRequestManager.swift; sourceTree = "<group>"; };
		681B4B7B2911906300ADF5AB /* Requests.swift */ = {isa = PBXFileReference; lastKnownFileType = sourcecode.swift; path = Requests.swift; sourceTree = "<group>"; };
		681B4B7E2911949A00ADF5AB /* MapBottomSheetProtocol.swift */ = {isa = PBXFileReference; lastKnownFileType = sourcecode.swift; path = MapBottomSheetProtocol.swift; sourceTree = "<group>"; };
		681B4B812911968E00ADF5AB /* MapBottomViewPresenter.swift */ = {isa = PBXFileReference; lastKnownFileType = sourcecode.swift; path = MapBottomViewPresenter.swift; sourceTree = "<group>"; };
		681CAE392924E9700070D84D /* ResultViewBottomSheet.swift */ = {isa = PBXFileReference; lastKnownFileType = sourcecode.swift; path = ResultViewBottomSheet.swift; sourceTree = "<group>"; };
		681CAE3A2924E9700070D84D /* ResultViewBottomSheet.xib */ = {isa = PBXFileReference; lastKnownFileType = file.xib; path = ResultViewBottomSheet.xib; sourceTree = "<group>"; };
		681CAE3D2924E9850070D84D /* ResultViewBottomSheetProtocol.swift */ = {isa = PBXFileReference; lastKnownFileType = sourcecode.swift; path = ResultViewBottomSheetProtocol.swift; sourceTree = "<group>"; };
		681CAE3F2924E9960070D84D /* ResultViewBottomSheetPresenter.swift */ = {isa = PBXFileReference; lastKnownFileType = sourcecode.swift; path = ResultViewBottomSheetPresenter.swift; sourceTree = "<group>"; };
		681CAE422924F4210070D84D /* InfoTableViewCell.swift */ = {isa = PBXFileReference; lastKnownFileType = sourcecode.swift; path = InfoTableViewCell.swift; sourceTree = "<group>"; };
		681CAE432924F4210070D84D /* InfoTableViewCell.xib */ = {isa = PBXFileReference; lastKnownFileType = file.xib; path = InfoTableViewCell.xib; sourceTree = "<group>"; };
		682609052912E0AC00B8C0E4 /* SearchResultViewController.swift */ = {isa = PBXFileReference; lastKnownFileType = sourcecode.swift; path = SearchResultViewController.swift; sourceTree = "<group>"; };
		682609062912E0AC00B8C0E4 /* SearchResultViewController.xib */ = {isa = PBXFileReference; lastKnownFileType = file.xib; path = SearchResultViewController.xib; sourceTree = "<group>"; };
		682E79DF291C373C0067A535 /* DirectionModel.swift */ = {isa = PBXFileReference; lastKnownFileType = sourcecode.swift; path = DirectionModel.swift; sourceTree = "<group>"; };
		68A7196A290974F1009B7360 /* LocationBinder.swift */ = {isa = PBXFileReference; lastKnownFileType = sourcecode.swift; path = LocationBinder.swift; sourceTree = "<group>"; };
		68EF848428EF10B500EB4822 /* RouteCost.app */ = {isa = PBXFileReference; explicitFileType = wrapper.application; includeInIndex = 0; path = RouteCost.app; sourceTree = BUILT_PRODUCTS_DIR; };
		68EF848728EF10B500EB4822 /* AppDelegate.swift */ = {isa = PBXFileReference; lastKnownFileType = sourcecode.swift; path = AppDelegate.swift; sourceTree = "<group>"; };
		68EF848928EF10B500EB4822 /* SceneDelegate.swift */ = {isa = PBXFileReference; lastKnownFileType = sourcecode.swift; path = SceneDelegate.swift; sourceTree = "<group>"; };
		68EF849128EF10B500EB4822 /* RouteCost.xcdatamodel */ = {isa = PBXFileReference; lastKnownFileType = wrapper.xcdatamodel; path = RouteCost.xcdatamodel; sourceTree = "<group>"; };
		68EF849328EF10BA00EB4822 /* Assets.xcassets */ = {isa = PBXFileReference; lastKnownFileType = folder.assetcatalog; path = Assets.xcassets; sourceTree = "<group>"; };
		68EF849628EF10BA00EB4822 /* Base */ = {isa = PBXFileReference; lastKnownFileType = file.storyboard; name = Base; path = Base.lproj/LaunchScreen.storyboard; sourceTree = "<group>"; };
		68EF849828EF10BA00EB4822 /* Info.plist */ = {isa = PBXFileReference; lastKnownFileType = text.plist.xml; path = Info.plist; sourceTree = "<group>"; };
		68EF84A928EF18AF00EB4822 /* TabBarController.swift */ = {isa = PBXFileReference; lastKnownFileType = sourcecode.swift; path = TabBarController.swift; sourceTree = "<group>"; };
		68EF84AE28EF202200EB4822 /* ProfileViewController.swift */ = {isa = PBXFileReference; lastKnownFileType = sourcecode.swift; path = ProfileViewController.swift; sourceTree = "<group>"; };
		68EF84AF28EF202200EB4822 /* ProfileViewController.xib */ = {isa = PBXFileReference; lastKnownFileType = file.xib; path = ProfileViewController.xib; sourceTree = "<group>"; };
		68EF84B628EF213F00EB4822 /* RouteViewController.swift */ = {isa = PBXFileReference; lastKnownFileType = sourcecode.swift; path = RouteViewController.swift; sourceTree = "<group>"; };
		68EF84B728EF213F00EB4822 /* RouteViewController.xib */ = {isa = PBXFileReference; lastKnownFileType = file.xib; path = RouteViewController.xib; sourceTree = "<group>"; };
		68EF84BC28EF242700EB4822 /* UIColorExtension.swift */ = {isa = PBXFileReference; lastKnownFileType = sourcecode.swift; path = UIColorExtension.swift; sourceTree = "<group>"; };
		68EF84BE28EF25BC00EB4822 /* ModuleBuilder.swift */ = {isa = PBXFileReference; lastKnownFileType = sourcecode.swift; path = ModuleBuilder.swift; sourceTree = "<group>"; };
		68EF84C028EF25C900EB4822 /* MainCoordinator.swift */ = {isa = PBXFileReference; lastKnownFileType = sourcecode.swift; path = MainCoordinator.swift; sourceTree = "<group>"; };
		68EF84C228EF2ACA00EB4822 /* RoutePresenterProtocol.swift */ = {isa = PBXFileReference; lastKnownFileType = sourcecode.swift; path = RoutePresenterProtocol.swift; sourceTree = "<group>"; };
		68EF84C428EF2B3200EB4822 /* RoutePresenter.swift */ = {isa = PBXFileReference; lastKnownFileType = sourcecode.swift; path = RoutePresenter.swift; sourceTree = "<group>"; };
		68EF84C628EF2BA300EB4822 /* ProfileProtocol.swift */ = {isa = PBXFileReference; lastKnownFileType = sourcecode.swift; path = ProfileProtocol.swift; sourceTree = "<group>"; };
		68EF84C828EF2C0000EB4822 /* ProfilePresenter.swift */ = {isa = PBXFileReference; lastKnownFileType = sourcecode.swift; path = ProfilePresenter.swift; sourceTree = "<group>"; };
		68EF84CD28EF50FA00EB4822 /* MapBottomSheetViewController.swift */ = {isa = PBXFileReference; lastKnownFileType = sourcecode.swift; path = MapBottomSheetViewController.swift; sourceTree = "<group>"; };
		68EF84CE28EF50FA00EB4822 /* MapBottomSheetViewController.xib */ = {isa = PBXFileReference; lastKnownFileType = file.xib; path = MapBottomSheetViewController.xib; sourceTree = "<group>"; };
		68FA2A5529265EEE00CDB002 /* RouteBinder.swift */ = {isa = PBXFileReference; lastKnownFileType = sourcecode.swift; path = RouteBinder.swift; sourceTree = "<group>"; };
/* End PBXFileReference section */

/* Begin PBXFrameworksBuildPhase section */
		68EF848128EF10B500EB4822 /* Frameworks */ = {
			isa = PBXFrameworksBuildPhase;
			buildActionMask = 2147483647;
			files = (
			);
			runOnlyForDeploymentPostprocessing = 0;
		};
/* End PBXFrameworksBuildPhase section */

/* Begin PBXGroup section */
		6815472028F3064E00DFF5EC /* Cell */ = {
			isa = PBXGroup;
			children = (
				6815472128F42B5200DFF5EC /* RouteCellTableViewCell.swift */,
				6815472228F42B5200DFF5EC /* RouteCellTableViewCell.xib */,
			);
			path = Cell;
			sourceTree = "<group>";
		};
		6815472728F434E700DFF5EC /* MapSearchViewController */ = {
			isa = PBXGroup;
			children = (
				6815472028F3064E00DFF5EC /* Cell */,
				682609052912E0AC00B8C0E4 /* SearchResultViewController.swift */,
				682609062912E0AC00B8C0E4 /* SearchResultViewController.xib */,
			);
			path = MapSearchViewController;
			sourceTree = "<group>";
		};
		681B4B72291153D100ADF5AB /* Model */ = {
			isa = PBXGroup;
			children = (
				681B4B73291153E600ADF5AB /* GoogleGeocodingModel.swift */,
			);
			path = Model;
			sourceTree = "<group>";
		};
		681B4B7729117F8100ADF5AB /* Manager */ = {
			isa = PBXGroup;
			children = (
				681B4B7829117F9400ADF5AB /* ApiRequestManager.swift */,
			);
			path = Manager;
			sourceTree = "<group>";
		};
		681B4B7A2911905000ADF5AB /* Requests */ = {
			isa = PBXGroup;
			children = (
				681B4B7B2911906300ADF5AB /* Requests.swift */,
			);
			path = Requests;
			sourceTree = "<group>";
		};
		681B4B7D2911948300ADF5AB /* Presenter */ = {
			isa = PBXGroup;
			children = (
				681B4B812911968E00ADF5AB /* MapBottomViewPresenter.swift */,
			);
			path = Presenter;
			sourceTree = "<group>";
		};
		681B4B802911967400ADF5AB /* Protocol */ = {
			isa = PBXGroup;
			children = (
				681B4B7E2911949A00ADF5AB /* MapBottomSheetProtocol.swift */,
			);
			path = Protocol;
			sourceTree = "<group>";
		};
		681CAE352924E90D0070D84D /* ResultViewBottomSheet */ = {
			isa = PBXGroup;
			children = (
				681CAE382924E93D0070D84D /* Protocol */,
				681CAE372924E9390070D84D /* View */,
				681CAE362924E92E0070D84D /* Presenter */,
			);
			name = ResultViewBottomSheet;
			sourceTree = "<group>";
		};
		681CAE362924E92E0070D84D /* Presenter */ = {
			isa = PBXGroup;
			children = (
				681CAE3F2924E9960070D84D /* ResultViewBottomSheetPresenter.swift */,
			);
			name = Presenter;
			sourceTree = "<group>";
		};
		681CAE372924E9390070D84D /* View */ = {
			isa = PBXGroup;
			children = (
				681CAE412924F3FA0070D84D /* Cell */,
				681CAE392924E9700070D84D /* ResultViewBottomSheet.swift */,
				681CAE3A2924E9700070D84D /* ResultViewBottomSheet.xib */,
			);
			name = View;
			sourceTree = "<group>";
		};
		681CAE382924E93D0070D84D /* Protocol */ = {
			isa = PBXGroup;
			children = (
				681CAE3D2924E9850070D84D /* ResultViewBottomSheetProtocol.swift */,
			);
			name = Protocol;
			sourceTree = "<group>";
		};
		681CAE412924F3FA0070D84D /* Cell */ = {
			isa = PBXGroup;
			children = (
				681CAE422924F4210070D84D /* InfoTableViewCell.swift */,
				681CAE432924F4210070D84D /* InfoTableViewCell.xib */,
			);
			name = Cell;
			sourceTree = "<group>";
		};
		681CAE462925140D0070D84D /* Models */ = {
			isa = PBXGroup;
			children = (
				682E79DF291C373C0067A535 /* DirectionModel.swift */,
				6815210F291CD323002665F7 /* VehicleModel.swift */,
			);
			path = Models;
			sourceTree = "<group>";
		};
		681EEA3029103E59004B7536 /* Networking */ = {
			isa = PBXGroup;
			children = (
				681B4B7A2911905000ADF5AB /* Requests */,
				681B4B7729117F8100ADF5AB /* Manager */,
				681B4B72291153D100ADF5AB /* Model */,
			);
			path = Networking;
			sourceTree = "<group>";
		};
		6889BF1F292122AD00C5656B /* SearchModalViewController */ = {
			isa = PBXGroup;
			children = (
				6889BF22292122D200C5656B /* Protocol */,
				6889BF21292122CD00C5656B /* Presenter */,
				6889BF20292122C900C5656B /* View */,
			);
			path = SearchModalViewController;
			sourceTree = "<group>";
		};
		6889BF20292122C900C5656B /* View */ = {
			isa = PBXGroup;
			children = (
			);
			path = View;
			sourceTree = "<group>";
		};
		6889BF21292122CD00C5656B /* Presenter */ = {
			isa = PBXGroup;
			children = (
			);
			path = Presenter;
			sourceTree = "<group>";
		};
		6889BF22292122D200C5656B /* Protocol */ = {
			isa = PBXGroup;
			children = (
			);
			path = Protocol;
			sourceTree = "<group>";
		};
		68EF847B28EF10B400EB4822 = {
			isa = PBXGroup;
			children = (
				68EF848628EF10B500EB4822 /* RouteCost */,
				68EF848528EF10B500EB4822 /* Products */,
			);
			sourceTree = "<group>";
		};
		68EF848528EF10B500EB4822 /* Products */ = {
			isa = PBXGroup;
			children = (
				68EF848428EF10B500EB4822 /* RouteCost.app */,
			);
			name = Products;
			sourceTree = "<group>";
		};
		68EF848628EF10B500EB4822 /* RouteCost */ = {
			isa = PBXGroup;
			children = (
				68EF84A328EF110D00EB4822 /* Apllication */,
				6889BF1F292122AD00C5656B /* SearchModalViewController */,
				681EEA3029103E59004B7536 /* Networking */,
				68EF84BA28EF240700EB4822 /* Extensions */,
				681CAE462925140D0070D84D /* Models */,
				68EF84A228EF110200EB4822 /* Managers */,
				68FA2A5429265EA300CDB002 /* Binders */,
				68EF84A028EF10F000EB4822 /* Navigation */,
				68EF84A128EF10F900EB4822 /* Screens */,
				68EF849328EF10BA00EB4822 /* Assets.xcassets */,
				68EF849528EF10BA00EB4822 /* LaunchScreen.storyboard */,
				68EF849828EF10BA00EB4822 /* Info.plist */,
				68EF849028EF10B500EB4822 /* RouteCost.xcdatamodeld */,
			);
			path = RouteCost;
			sourceTree = "<group>";
		};
		68EF849E28EF10D700EB4822 /* TabBarController */ = {
			isa = PBXGroup;
			children = (
				68EF84A928EF18AF00EB4822 /* TabBarController.swift */,
			);
			path = TabBarController;
			sourceTree = "<group>";
		};
		68EF84A028EF10F000EB4822 /* Navigation */ = {
			isa = PBXGroup;
			children = (
				68EF849E28EF10D700EB4822 /* TabBarController */,
				68EF84BE28EF25BC00EB4822 /* ModuleBuilder.swift */,
				68EF84C028EF25C900EB4822 /* MainCoordinator.swift */,
			);
			path = Navigation;
			sourceTree = "<group>";
		};
		68EF84A128EF10F900EB4822 /* Screens */ = {
			isa = PBXGroup;
			children = (
				68EF84A728EF115100EB4822 /* MapView */,
				68EF84CA28EF50CF00EB4822 /* MapViewBottomSheet */,
				6815472728F434E700DFF5EC /* MapSearchViewController */,
				681CAE352924E90D0070D84D /* ResultViewBottomSheet */,
				68EF84A828EF116300EB4822 /* Profile */,
			);
			path = Screens;
			sourceTree = "<group>";
		};
		68EF84A228EF110200EB4822 /* Managers */ = {
			isa = PBXGroup;
			children = (
				6815472528F4314B00DFF5EC /* SearchPlacesManager.swift */,
				6815472E28F495BC00DFF5EC /* LocationManager.swift */,
			);
			path = Managers;
			sourceTree = "<group>";
		};
		68EF84A328EF110D00EB4822 /* Apllication */ = {
			isa = PBXGroup;
			children = (
				68EF848728EF10B500EB4822 /* AppDelegate.swift */,
				68EF848928EF10B500EB4822 /* SceneDelegate.swift */,
			);
			path = Apllication;
			sourceTree = "<group>";
		};
		68EF84A428EF113E00EB4822 /* Presenter */ = {
			isa = PBXGroup;
			children = (
				68EF84C428EF2B3200EB4822 /* RoutePresenter.swift */,
			);
			path = Presenter;
			sourceTree = "<group>";
		};
		68EF84A528EF114300EB4822 /* View */ = {
			isa = PBXGroup;
			children = (
				68EF84B628EF213F00EB4822 /* RouteViewController.swift */,
				68EF84B728EF213F00EB4822 /* RouteViewController.xib */,
			);
			path = View;
			sourceTree = "<group>";
		};
		68EF84A628EF114700EB4822 /* Protocol */ = {
			isa = PBXGroup;
			children = (
				68EF84C228EF2ACA00EB4822 /* RoutePresenterProtocol.swift */,
			);
			path = Protocol;
			sourceTree = "<group>";
		};
		68EF84A728EF115100EB4822 /* MapView */ = {
			isa = PBXGroup;
			children = (
				68EF84A628EF114700EB4822 /* Protocol */,
				68EF84A528EF114300EB4822 /* View */,
				68EF84A428EF113E00EB4822 /* Presenter */,
			);
			path = MapView;
			sourceTree = "<group>";
		};
		68EF84A828EF116300EB4822 /* Profile */ = {
			isa = PBXGroup;
			children = (
				68EF84AD28EF200900EB4822 /* Protocol */,
				68EF84AC28EF200400EB4822 /* Presenter */,
				68EF84AB28EF1FFF00EB4822 /* View */,
			);
			path = Profile;
			sourceTree = "<group>";
		};
		68EF84AB28EF1FFF00EB4822 /* View */ = {
			isa = PBXGroup;
			children = (
				68EF84AE28EF202200EB4822 /* ProfileViewController.swift */,
				68EF84AF28EF202200EB4822 /* ProfileViewController.xib */,
			);
			path = View;
			sourceTree = "<group>";
		};
		68EF84AC28EF200400EB4822 /* Presenter */ = {
			isa = PBXGroup;
			children = (
				68EF84C828EF2C0000EB4822 /* ProfilePresenter.swift */,
			);
			path = Presenter;
			sourceTree = "<group>";
		};
		68EF84AD28EF200900EB4822 /* Protocol */ = {
			isa = PBXGroup;
			children = (
				68EF84C628EF2BA300EB4822 /* ProfileProtocol.swift */,
			);
			path = Protocol;
			sourceTree = "<group>";
		};
		68EF84BA28EF240700EB4822 /* Extensions */ = {
			isa = PBXGroup;
			children = (
				68EF84BC28EF242700EB4822 /* UIColorExtension.swift */,
			);
			path = Extensions;
			sourceTree = "<group>";
		};
		68EF84CA28EF50CF00EB4822 /* MapViewBottomSheet */ = {
			isa = PBXGroup;
			children = (
				681B4B802911967400ADF5AB /* Protocol */,
				681B4B7D2911948300ADF5AB /* Presenter */,
				68EF84CB28EF50DE00EB4822 /* View */,
			);
			path = MapViewBottomSheet;
			sourceTree = "<group>";
		};
		68EF84CB28EF50DE00EB4822 /* View */ = {
			isa = PBXGroup;
			children = (
				68EF84CD28EF50FA00EB4822 /* MapBottomSheetViewController.swift */,
				68EF84CE28EF50FA00EB4822 /* MapBottomSheetViewController.xib */,
			);
			path = View;
			sourceTree = "<group>";
		};
		68FA2A5429265EA300CDB002 /* Binders */ = {
			isa = PBXGroup;
			children = (
				68A7196A290974F1009B7360 /* LocationBinder.swift */,
				68FA2A5529265EEE00CDB002 /* RouteBinder.swift */,
			);
			path = Binders;
			sourceTree = "<group>";
		};
/* End PBXGroup section */

/* Begin PBXNativeTarget section */
		68EF848328EF10B500EB4822 /* RouteCost */ = {
			isa = PBXNativeTarget;
			buildConfigurationList = 68EF849B28EF10BA00EB4822 /* Build configuration list for PBXNativeTarget "RouteCost" */;
			buildPhases = (
				68EF848028EF10B500EB4822 /* Sources */,
				68EF848128EF10B500EB4822 /* Frameworks */,
				68EF848228EF10B500EB4822 /* Resources */,
			);
			buildRules = (
			);
			dependencies = (
			);
			name = RouteCost;
			productName = RouteCost;
			productReference = 68EF848428EF10B500EB4822 /* RouteCost.app */;
			productType = "com.apple.product-type.application";
		};
/* End PBXNativeTarget section */

/* Begin PBXProject section */
		68EF847C28EF10B400EB4822 /* Project object */ = {
			isa = PBXProject;
			attributes = {
				BuildIndependentTargetsInParallel = 1;
				LastSwiftUpdateCheck = 1340;
				LastUpgradeCheck = 1340;
				TargetAttributes = {
					68EF848328EF10B500EB4822 = {
						CreatedOnToolsVersion = 13.4.1;
					};
				};
			};
			buildConfigurationList = 68EF847F28EF10B400EB4822 /* Build configuration list for PBXProject "RouteCost" */;
			compatibilityVersion = "Xcode 13.0";
			developmentRegion = en;
			hasScannedForEncodings = 0;
			knownRegions = (
				en,
				Base,
			);
			mainGroup = 68EF847B28EF10B400EB4822;
			productRefGroup = 68EF848528EF10B500EB4822 /* Products */;
			projectDirPath = "";
			projectRoot = "";
			targets = (
				68EF848328EF10B500EB4822 /* RouteCost */,
			);
		};
/* End PBXProject section */

/* Begin PBXResourcesBuildPhase section */
		68EF848228EF10B500EB4822 /* Resources */ = {
			isa = PBXResourcesBuildPhase;
			buildActionMask = 2147483647;
			files = (
				68EF84B128EF202200EB4822 /* ProfileViewController.xib in Resources */,
				68EF849728EF10BA00EB4822 /* LaunchScreen.storyboard in Resources */,
				681CAE3C2924E9700070D84D /* ResultViewBottomSheet.xib in Resources */,
				68EF84B928EF213F00EB4822 /* RouteViewController.xib in Resources */,
				681CAE452924F4210070D84D /* InfoTableViewCell.xib in Resources */,
				68EF849428EF10BA00EB4822 /* Assets.xcassets in Resources */,
				68EF84D028EF50FA00EB4822 /* MapBottomSheetViewController.xib in Resources */,
				6815472428F42B5200DFF5EC /* RouteCellTableViewCell.xib in Resources */,
				682609082912E0AC00B8C0E4 /* SearchResultViewController.xib in Resources */,
			);
			runOnlyForDeploymentPostprocessing = 0;
		};
/* End PBXResourcesBuildPhase section */

/* Begin PBXSourcesBuildPhase section */
		68EF848028EF10B500EB4822 /* Sources */ = {
			isa = PBXSourcesBuildPhase;
			buildActionMask = 2147483647;
			files = (
				6815472628F4314B00DFF5EC /* SearchPlacesManager.swift in Sources */,
				68EF84CF28EF50FA00EB4822 /* MapBottomSheetViewController.swift in Sources */,
				68EF84C328EF2ACA00EB4822 /* RoutePresenterProtocol.swift in Sources */,
				68FA2A5629265EEE00CDB002 /* RouteBinder.swift in Sources */,
				681B4B7929117F9400ADF5AB /* ApiRequestManager.swift in Sources */,
				681CAE402924E9960070D84D /* ResultViewBottomSheetPresenter.swift in Sources */,
				68EF848828EF10B500EB4822 /* AppDelegate.swift in Sources */,
				681B4B7C2911906300ADF5AB /* Requests.swift in Sources */,
				682E79E0291C373C0067A535 /* DirectionModel.swift in Sources */,
				68EF84BD28EF242700EB4822 /* UIColorExtension.swift in Sources */,
				681CAE3E2924E9850070D84D /* ResultViewBottomSheetProtocol.swift in Sources */,
				68EF84C528EF2B3200EB4822 /* RoutePresenter.swift in Sources */,
				681CAE3B2924E9700070D84D /* ResultViewBottomSheet.swift in Sources */,
				68EF84AA28EF18AF00EB4822 /* TabBarController.swift in Sources */,
				68EF84BF28EF25BC00EB4822 /* ModuleBuilder.swift in Sources */,
				6815472F28F495BC00DFF5EC /* LocationManager.swift in Sources */,
				68EF84B828EF213F00EB4822 /* RouteViewController.swift in Sources */,
				681B4B7F2911949A00ADF5AB /* MapBottomSheetProtocol.swift in Sources */,
				68EF84B028EF202200EB4822 /* ProfileViewController.swift in Sources */,
				68A7196B290974F1009B7360 /* LocationBinder.swift in Sources */,
				68EF849228EF10B500EB4822 /* RouteCost.xcdatamodeld in Sources */,
				681B4B74291153E600ADF5AB /* GoogleGeocodingModel.swift in Sources */,
				681CAE442924F4210070D84D /* InfoTableViewCell.swift in Sources */,
				68EF84C128EF25C900EB4822 /* MainCoordinator.swift in Sources */,
				681B4B822911968E00ADF5AB /* MapBottomViewPresenter.swift in Sources */,
				6815472328F42B5200DFF5EC /* RouteCellTableViewCell.swift in Sources */,
				68EF848A28EF10B500EB4822 /* SceneDelegate.swift in Sources */,
				68152110291CD323002665F7 /* VehicleModel.swift in Sources */,
				68EF84C728EF2BA300EB4822 /* ProfileProtocol.swift in Sources */,
				682609072912E0AC00B8C0E4 /* SearchResultViewController.swift in Sources */,
				68EF84C928EF2C0000EB4822 /* ProfilePresenter.swift in Sources */,
			);
			runOnlyForDeploymentPostprocessing = 0;
		};
/* End PBXSourcesBuildPhase section */

/* Begin PBXVariantGroup section */
		68EF849528EF10BA00EB4822 /* LaunchScreen.storyboard */ = {
			isa = PBXVariantGroup;
			children = (
				68EF849628EF10BA00EB4822 /* Base */,
			);
			name = LaunchScreen.storyboard;
			sourceTree = "<group>";
		};
/* End PBXVariantGroup section */

/* Begin XCBuildConfiguration section */
		68EF849928EF10BA00EB4822 /* Debug */ = {
			isa = XCBuildConfiguration;
			buildSettings = {
				ALWAYS_SEARCH_USER_PATHS = NO;
				CLANG_ANALYZER_NONNULL = YES;
				CLANG_ANALYZER_NUMBER_OBJECT_CONVERSION = YES_AGGRESSIVE;
				CLANG_CXX_LANGUAGE_STANDARD = "gnu++17";
				CLANG_ENABLE_MODULES = YES;
				CLANG_ENABLE_OBJC_ARC = YES;
				CLANG_ENABLE_OBJC_WEAK = YES;
				CLANG_WARN_BLOCK_CAPTURE_AUTORELEASING = YES;
				CLANG_WARN_BOOL_CONVERSION = YES;
				CLANG_WARN_COMMA = YES;
				CLANG_WARN_CONSTANT_CONVERSION = YES;
				CLANG_WARN_DEPRECATED_OBJC_IMPLEMENTATIONS = YES;
				CLANG_WARN_DIRECT_OBJC_ISA_USAGE = YES_ERROR;
				CLANG_WARN_DOCUMENTATION_COMMENTS = YES;
				CLANG_WARN_EMPTY_BODY = YES;
				CLANG_WARN_ENUM_CONVERSION = YES;
				CLANG_WARN_INFINITE_RECURSION = YES;
				CLANG_WARN_INT_CONVERSION = YES;
				CLANG_WARN_NON_LITERAL_NULL_CONVERSION = YES;
				CLANG_WARN_OBJC_IMPLICIT_RETAIN_SELF = YES;
				CLANG_WARN_OBJC_LITERAL_CONVERSION = YES;
				CLANG_WARN_OBJC_ROOT_CLASS = YES_ERROR;
				CLANG_WARN_QUOTED_INCLUDE_IN_FRAMEWORK_HEADER = YES;
				CLANG_WARN_RANGE_LOOP_ANALYSIS = YES;
				CLANG_WARN_STRICT_PROTOTYPES = YES;
				CLANG_WARN_SUSPICIOUS_MOVE = YES;
				CLANG_WARN_UNGUARDED_AVAILABILITY = YES_AGGRESSIVE;
				CLANG_WARN_UNREACHABLE_CODE = YES;
				CLANG_WARN__DUPLICATE_METHOD_MATCH = YES;
				COPY_PHASE_STRIP = NO;
				DEBUG_INFORMATION_FORMAT = dwarf;
				ENABLE_STRICT_OBJC_MSGSEND = YES;
				ENABLE_TESTABILITY = YES;
				GCC_C_LANGUAGE_STANDARD = gnu11;
				GCC_DYNAMIC_NO_PIC = NO;
				GCC_NO_COMMON_BLOCKS = YES;
				GCC_OPTIMIZATION_LEVEL = 0;
				GCC_PREPROCESSOR_DEFINITIONS = (
					"DEBUG=1",
					"$(inherited)",
				);
				GCC_WARN_64_TO_32_BIT_CONVERSION = YES;
				GCC_WARN_ABOUT_RETURN_TYPE = YES_ERROR;
				GCC_WARN_UNDECLARED_SELECTOR = YES;
				GCC_WARN_UNINITIALIZED_AUTOS = YES_AGGRESSIVE;
				GCC_WARN_UNUSED_FUNCTION = YES;
				GCC_WARN_UNUSED_VARIABLE = YES;
				IPHONEOS_DEPLOYMENT_TARGET = 15.5;
				MTL_ENABLE_DEBUG_INFO = INCLUDE_SOURCE;
				MTL_FAST_MATH = YES;
				ONLY_ACTIVE_ARCH = YES;
				SDKROOT = iphoneos;
				SWIFT_ACTIVE_COMPILATION_CONDITIONS = DEBUG;
				SWIFT_OPTIMIZATION_LEVEL = "-Onone";
			};
			name = Debug;
		};
		68EF849A28EF10BA00EB4822 /* Release */ = {
			isa = XCBuildConfiguration;
			buildSettings = {
				ALWAYS_SEARCH_USER_PATHS = NO;
				CLANG_ANALYZER_NONNULL = YES;
				CLANG_ANALYZER_NUMBER_OBJECT_CONVERSION = YES_AGGRESSIVE;
				CLANG_CXX_LANGUAGE_STANDARD = "gnu++17";
				CLANG_ENABLE_MODULES = YES;
				CLANG_ENABLE_OBJC_ARC = YES;
				CLANG_ENABLE_OBJC_WEAK = YES;
				CLANG_WARN_BLOCK_CAPTURE_AUTORELEASING = YES;
				CLANG_WARN_BOOL_CONVERSION = YES;
				CLANG_WARN_COMMA = YES;
				CLANG_WARN_CONSTANT_CONVERSION = YES;
				CLANG_WARN_DEPRECATED_OBJC_IMPLEMENTATIONS = YES;
				CLANG_WARN_DIRECT_OBJC_ISA_USAGE = YES_ERROR;
				CLANG_WARN_DOCUMENTATION_COMMENTS = YES;
				CLANG_WARN_EMPTY_BODY = YES;
				CLANG_WARN_ENUM_CONVERSION = YES;
				CLANG_WARN_INFINITE_RECURSION = YES;
				CLANG_WARN_INT_CONVERSION = YES;
				CLANG_WARN_NON_LITERAL_NULL_CONVERSION = YES;
				CLANG_WARN_OBJC_IMPLICIT_RETAIN_SELF = YES;
				CLANG_WARN_OBJC_LITERAL_CONVERSION = YES;
				CLANG_WARN_OBJC_ROOT_CLASS = YES_ERROR;
				CLANG_WARN_QUOTED_INCLUDE_IN_FRAMEWORK_HEADER = YES;
				CLANG_WARN_RANGE_LOOP_ANALYSIS = YES;
				CLANG_WARN_STRICT_PROTOTYPES = YES;
				CLANG_WARN_SUSPICIOUS_MOVE = YES;
				CLANG_WARN_UNGUARDED_AVAILABILITY = YES_AGGRESSIVE;
				CLANG_WARN_UNREACHABLE_CODE = YES;
				CLANG_WARN__DUPLICATE_METHOD_MATCH = YES;
				COPY_PHASE_STRIP = NO;
				DEBUG_INFORMATION_FORMAT = "dwarf-with-dsym";
				ENABLE_NS_ASSERTIONS = NO;
				ENABLE_STRICT_OBJC_MSGSEND = YES;
				GCC_C_LANGUAGE_STANDARD = gnu11;
				GCC_NO_COMMON_BLOCKS = YES;
				GCC_WARN_64_TO_32_BIT_CONVERSION = YES;
				GCC_WARN_ABOUT_RETURN_TYPE = YES_ERROR;
				GCC_WARN_UNDECLARED_SELECTOR = YES;
				GCC_WARN_UNINITIALIZED_AUTOS = YES_AGGRESSIVE;
				GCC_WARN_UNUSED_FUNCTION = YES;
				GCC_WARN_UNUSED_VARIABLE = YES;
				IPHONEOS_DEPLOYMENT_TARGET = 15.5;
				MTL_ENABLE_DEBUG_INFO = NO;
				MTL_FAST_MATH = YES;
				SDKROOT = iphoneos;
				SWIFT_COMPILATION_MODE = wholemodule;
				SWIFT_OPTIMIZATION_LEVEL = "-O";
				VALIDATE_PRODUCT = YES;
			};
			name = Release;
		};
		68EF849C28EF10BA00EB4822 /* Debug */ = {
			isa = XCBuildConfiguration;
			buildSettings = {
				ASSETCATALOG_COMPILER_APPICON_NAME = AppIcon;
				ASSETCATALOG_COMPILER_GLOBAL_ACCENT_COLOR_NAME = AccentColor;
				CODE_SIGN_STYLE = Automatic;
				CURRENT_PROJECT_VERSION = 1;
				DEVELOPMENT_TEAM = PHNZ525549;
				GENERATE_INFOPLIST_FILE = YES;
				INFOPLIST_FILE = RouteCost/Info.plist;
				INFOPLIST_KEY_UIApplicationSupportsIndirectInputEvents = YES;
				INFOPLIST_KEY_UILaunchStoryboardName = LaunchScreen;
				INFOPLIST_KEY_UIMainStoryboardFile = LaunchScreen;
				INFOPLIST_KEY_UISupportedInterfaceOrientations_iPad = "UIInterfaceOrientationPortrait UIInterfaceOrientationPortraitUpsideDown UIInterfaceOrientationLandscapeLeft UIInterfaceOrientationLandscapeRight";
				INFOPLIST_KEY_UISupportedInterfaceOrientations_iPhone = "UIInterfaceOrientationPortrait UIInterfaceOrientationLandscapeLeft UIInterfaceOrientationLandscapeRight";
				IPHONEOS_DEPLOYMENT_TARGET = 15.0;
				LD_RUNPATH_SEARCH_PATHS = (
					"$(inherited)",
					"@executable_path/Frameworks",
				);
				MARKETING_VERSION = 1.0;
				PRODUCT_BUNDLE_IDENTIFIER = egorYankovich.RouteCost;
				PRODUCT_NAME = "$(TARGET_NAME)";
				SWIFT_EMIT_LOC_STRINGS = YES;
				SWIFT_VERSION = 5.0;
				TARGETED_DEVICE_FAMILY = "1,2";
			};
			name = Debug;
		};
		68EF849D28EF10BA00EB4822 /* Release */ = {
			isa = XCBuildConfiguration;
			buildSettings = {
				ASSETCATALOG_COMPILER_APPICON_NAME = AppIcon;
				ASSETCATALOG_COMPILER_GLOBAL_ACCENT_COLOR_NAME = AccentColor;
				CODE_SIGN_STYLE = Automatic;
				CURRENT_PROJECT_VERSION = 1;
				DEVELOPMENT_TEAM = PHNZ525549;
				GENERATE_INFOPLIST_FILE = YES;
				INFOPLIST_FILE = RouteCost/Info.plist;
				INFOPLIST_KEY_UIApplicationSupportsIndirectInputEvents = YES;
				INFOPLIST_KEY_UILaunchStoryboardName = LaunchScreen;
				INFOPLIST_KEY_UIMainStoryboardFile = LaunchScreen;
				INFOPLIST_KEY_UISupportedInterfaceOrientations_iPad = "UIInterfaceOrientationPortrait UIInterfaceOrientationPortraitUpsideDown UIInterfaceOrientationLandscapeLeft UIInterfaceOrientationLandscapeRight";
				INFOPLIST_KEY_UISupportedInterfaceOrientations_iPhone = "UIInterfaceOrientationPortrait UIInterfaceOrientationLandscapeLeft UIInterfaceOrientationLandscapeRight";
				IPHONEOS_DEPLOYMENT_TARGET = 15.0;
				LD_RUNPATH_SEARCH_PATHS = (
					"$(inherited)",
					"@executable_path/Frameworks",
				);
				MARKETING_VERSION = 1.0;
				PRODUCT_BUNDLE_IDENTIFIER = egorYankovich.RouteCost;
				PRODUCT_NAME = "$(TARGET_NAME)";
				SWIFT_EMIT_LOC_STRINGS = YES;
				SWIFT_VERSION = 5.0;
				TARGETED_DEVICE_FAMILY = "1,2";
			};
			name = Release;
		};
/* End XCBuildConfiguration section */

/* Begin XCConfigurationList section */
		68EF847F28EF10B400EB4822 /* Build configuration list for PBXProject "RouteCost" */ = {
			isa = XCConfigurationList;
			buildConfigurations = (
				68EF849928EF10BA00EB4822 /* Debug */,
				68EF849A28EF10BA00EB4822 /* Release */,
			);
			defaultConfigurationIsVisible = 0;
			defaultConfigurationName = Release;
		};
		68EF849B28EF10BA00EB4822 /* Build configuration list for PBXNativeTarget "RouteCost" */ = {
			isa = XCConfigurationList;
			buildConfigurations = (
				68EF849C28EF10BA00EB4822 /* Debug */,
				68EF849D28EF10BA00EB4822 /* Release */,
			);
			defaultConfigurationIsVisible = 0;
			defaultConfigurationName = Release;
		};
/* End XCConfigurationList section */

/* Begin XCVersionGroup section */
		68EF849028EF10B500EB4822 /* RouteCost.xcdatamodeld */ = {
			isa = XCVersionGroup;
			children = (
				68EF849128EF10B500EB4822 /* RouteCost.xcdatamodel */,
			);
			currentVersion = 68EF849128EF10B500EB4822 /* RouteCost.xcdatamodel */;
			path = RouteCost.xcdatamodeld;
			sourceTree = "<group>";
			versionGroupType = wrapper.xcdatamodel;
		};
/* End XCVersionGroup section */
	};
	rootObject = 68EF847C28EF10B400EB4822 /* Project object */;
}
