// !$*UTF8*$!
{
	archiveVersion = 1;
	classes = {
	};
	objectVersion = 55;
	objects = {

/* Begin PBXBuildFile section */
		68EF848828EF10B500EB4822 /* AppDelegate.swift in Sources */ = {isa = PBXBuildFile; fileRef = 68EF848728EF10B500EB4822 /* AppDelegate.swift */; };
		68EF848A28EF10B500EB4822 /* SceneDelegate.swift in Sources */ = {isa = PBXBuildFile; fileRef = 68EF848928EF10B500EB4822 /* SceneDelegate.swift */; };
		68EF848C28EF10B500EB4822 /* ViewController.swift in Sources */ = {isa = PBXBuildFile; fileRef = 68EF848B28EF10B500EB4822 /* ViewController.swift */; };
		68EF848F28EF10B500EB4822 /* Main.storyboard in Resources */ = {isa = PBXBuildFile; fileRef = 68EF848D28EF10B500EB4822 /* Main.storyboard */; };
		68EF849228EF10B500EB4822 /* RouteCost.xcdatamodeld in Sources */ = {isa = PBXBuildFile; fileRef = 68EF849028EF10B500EB4822 /* RouteCost.xcdatamodeld */; };
		68EF849428EF10BA00EB4822 /* Assets.xcassets in Resources */ = {isa = PBXBuildFile; fileRef = 68EF849328EF10BA00EB4822 /* Assets.xcassets */; };
		68EF849728EF10BA00EB4822 /* LaunchScreen.storyboard in Resources */ = {isa = PBXBuildFile; fileRef = 68EF849528EF10BA00EB4822 /* LaunchScreen.storyboard */; };
/* End PBXBuildFile section */

/* Begin PBXFileReference section */
		68EF848428EF10B500EB4822 /* RouteCost.app */ = {isa = PBXFileReference; explicitFileType = wrapper.application; includeInIndex = 0; path = RouteCost.app; sourceTree = BUILT_PRODUCTS_DIR; };
		68EF848728EF10B500EB4822 /* AppDelegate.swift */ = {isa = PBXFileReference; lastKnownFileType = sourcecode.swift; path = AppDelegate.swift; sourceTree = "<group>"; };
		68EF848928EF10B500EB4822 /* SceneDelegate.swift */ = {isa = PBXFileReference; lastKnownFileType = sourcecode.swift; path = SceneDelegate.swift; sourceTree = "<group>"; };
		68EF848B28EF10B500EB4822 /* ViewController.swift */ = {isa = PBXFileReference; lastKnownFileType = sourcecode.swift; path = ViewController.swift; sourceTree = "<group>"; };
		68EF848E28EF10B500EB4822 /* Base */ = {isa = PBXFileReference; lastKnownFileType = file.storyboard; name = Base; path = Base.lproj/Main.storyboard; sourceTree = "<group>"; };
		68EF849128EF10B500EB4822 /* RouteCost.xcdatamodel */ = {isa = PBXFileReference; lastKnownFileType = wrapper.xcdatamodel; path = RouteCost.xcdatamodel; sourceTree = "<group>"; };
		68EF849328EF10BA00EB4822 /* Assets.xcassets */ = {isa = PBXFileReference; lastKnownFileType = folder.assetcatalog; path = Assets.xcassets; sourceTree = "<group>"; };
		68EF849628EF10BA00EB4822 /* Base */ = {isa = PBXFileReference; lastKnownFileType = file.storyboard; name = Base; path = Base.lproj/LaunchScreen.storyboard; sourceTree = "<group>"; };
		68EF849828EF10BA00EB4822 /* Info.plist */ = {isa = PBXFileReference; lastKnownFileType = text.plist.xml; path = Info.plist; sourceTree = "<group>"; };
/* End PBXFileReference section */

/* Begin PBXFrameworksBuildPhase section */
		68EF848128EF10B500EB4822 /* Frameworks */ = {
			isa = PBXFrameworksBuildPhase;
			buildActionMask = 2147483647;
			files = (
			);
			runOnlyForDeploymentPostprocessing = 0;
		};
/* End PBXFrameworksBuildPhase section */

/* Begin PBXGroup section */
		68EF847B28EF10B400EB4822 = {
			isa = PBXGroup;
			children = (
				68EF848628EF10B500EB4822 /* RouteCost */,
				68EF848528EF10B500EB4822 /* Products */,
			);
			sourceTree = "<group>";
		};
		68EF848528EF10B500EB4822 /* Products */ = {
			isa = PBXGroup;
			children = (
				68EF848428EF10B500EB4822 /* RouteCost.app */,
			);
			name = Products;
			sourceTree = "<group>";
		};
		68EF848628EF10B500EB4822 /* RouteCost */ = {
			isa = PBXGroup;
			children = (
				68EF848728EF10B500EB4822 /* AppDelegate.swift */,
				68EF848928EF10B500EB4822 /* SceneDelegate.swift */,
				68EF848B28EF10B500EB4822 /* ViewController.swift */,
				68EF848D28EF10B500EB4822 /* Main.storyboard */,
				68EF849328EF10BA00EB4822 /* Assets.xcassets */,
				68EF849528EF10BA00EB4822 /* LaunchScreen.storyboard */,
				68EF849828EF10BA00EB4822 /* Info.plist */,
				68EF849028EF10B500EB4822 /* RouteCost.xcdatamodeld */,
			);
			path = RouteCost;
			sourceTree = "<group>";
		};
/* End PBXGroup section */

/* Begin PBXNativeTarget section */
		68EF848328EF10B500EB4822 /* RouteCost */ = {
			isa = PBXNativeTarget;
			buildConfigurationList = 68EF849B28EF10BA00EB4822 /* Build configuration list for PBXNativeTarget "RouteCost" */;
			buildPhases = (
				68EF848028EF10B500EB4822 /* Sources */,
				68EF848128EF10B500EB4822 /* Frameworks */,
				68EF848228EF10B500EB4822 /* Resources */,
			);
			buildRules = (
			);
			dependencies = (
			);
			name = RouteCost;
			productName = RouteCost;
			productReference = 68EF848428EF10B500EB4822 /* RouteCost.app */;
			productType = "com.apple.product-type.application";
		};
/* End PBXNativeTarget section */

/* Begin PBXProject section */
		68EF847C28EF10B400EB4822 /* Project object */ = {
			isa = PBXProject;
			attributes = {
				BuildIndependentTargetsInParallel = 1;
				LastSwiftUpdateCheck = 1340;
				LastUpgradeCheck = 1340;
				TargetAttributes = {
					68EF848328EF10B500EB4822 = {
						CreatedOnToolsVersion = 13.4.1;
					};
				};
			};
			buildConfigurationList = 68EF847F28EF10B400EB4822 /* Build configuration list for PBXProject "RouteCost" */;
			compatibilityVersion = "Xcode 13.0";
			developmentRegion = en;
			hasScannedForEncodings = 0;
			knownRegions = (
				en,
				Base,
			);
			mainGroup = 68EF847B28EF10B400EB4822;
			productRefGroup = 68EF848528EF10B500EB4822 /* Products */;
			projectDirPath = "";
			projectRoot = "";
			targets = (
				68EF848328EF10B500EB4822 /* RouteCost */,
			);
		};
/* End PBXProject section */

/* Begin PBXResourcesBuildPhase section */
		68EF848228EF10B500EB4822 /* Resources */ = {
			isa = PBXResourcesBuildPhase;
			buildActionMask = 2147483647;
			files = (
				68EF849728EF10BA00EB4822 /* LaunchScreen.storyboard in Resources */,
				68EF849428EF10BA00EB4822 /* Assets.xcassets in Resources */,
				68EF848F28EF10B500EB4822 /* Main.storyboard in Resources */,
			);
			runOnlyForDeploymentPostprocessing = 0;
		};
/* End PBXResourcesBuildPhase section */

/* Begin PBXSourcesBuildPhase section */
		68EF848028EF10B500EB4822 /* Sources */ = {
			isa = PBXSourcesBuildPhase;
			buildActionMask = 2147483647;
			files = (
				68EF848C28EF10B500EB4822 /* ViewController.swift in Sources */,
				68EF848828EF10B500EB4822 /* AppDelegate.swift in Sources */,
				68EF849228EF10B500EB4822 /* RouteCost.xcdatamodeld in Sources */,
				68EF848A28EF10B500EB4822 /* SceneDelegate.swift in Sources */,
			);
			runOnlyForDeploymentPostprocessing = 0;
		};
/* End PBXSourcesBuildPhase section */

/* Begin PBXVariantGroup section */
		68EF848D28EF10B500EB4822 /* Main.storyboard */ = {
			isa = PBXVariantGroup;
			children = (
				68EF848E28EF10B500EB4822 /* Base */,
			);
			name = Main.storyboard;
			sourceTree = "<group>";
		};
		68EF849528EF10BA00EB4822 /* LaunchScreen.storyboard */ = {
			isa = PBXVariantGroup;
			children = (
				68EF849628EF10BA00EB4822 /* Base */,
			);
			name = LaunchScreen.storyboard;
			sourceTree = "<group>";
		};
/* End PBXVariantGroup section */

/* Begin XCBuildConfiguration section */
		68EF849928EF10BA00EB4822 /* Debug */ = {
			isa = XCBuildConfiguration;
			buildSettings = {
				ALWAYS_SEARCH_USER_PATHS = NO;
				CLANG_ANALYZER_NONNULL = YES;
				CLANG_ANALYZER_NUMBER_OBJECT_CONVERSION = YES_AGGRESSIVE;
				CLANG_CXX_LANGUAGE_STANDARD = "gnu++17";
				CLANG_ENABLE_MODULES = YES;
				CLANG_ENABLE_OBJC_ARC = YES;
				CLANG_ENABLE_OBJC_WEAK = YES;
				CLANG_WARN_BLOCK_CAPTURE_AUTORELEASING = YES;
				CLANG_WARN_BOOL_CONVERSION = YES;
				CLANG_WARN_COMMA = YES;
				CLANG_WARN_CONSTANT_CONVERSION = YES;
				CLANG_WARN_DEPRECATED_OBJC_IMPLEMENTATIONS = YES;
				CLANG_WARN_DIRECT_OBJC_ISA_USAGE = YES_ERROR;
				CLANG_WARN_DOCUMENTATION_COMMENTS = YES;
				CLANG_WARN_EMPTY_BODY = YES;
				CLANG_WARN_ENUM_CONVERSION = YES;
				CLANG_WARN_INFINITE_RECURSION = YES;
				CLANG_WARN_INT_CONVERSION = YES;
				CLANG_WARN_NON_LITERAL_NULL_CONVERSION = YES;
				CLANG_WARN_OBJC_IMPLICIT_RETAIN_SELF = YES;
				CLANG_WARN_OBJC_LITERAL_CONVERSION = YES;
				CLANG_WARN_OBJC_ROOT_CLASS = YES_ERROR;
				CLANG_WARN_QUOTED_INCLUDE_IN_FRAMEWORK_HEADER = YES;
				CLANG_WARN_RANGE_LOOP_ANALYSIS = YES;
				CLANG_WARN_STRICT_PROTOTYPES = YES;
				CLANG_WARN_SUSPICIOUS_MOVE = YES;
				CLANG_WARN_UNGUARDED_AVAILABILITY = YES_AGGRESSIVE;
				CLANG_WARN_UNREACHABLE_CODE = YES;
				CLANG_WARN__DUPLICATE_METHOD_MATCH = YES;
				COPY_PHASE_STRIP = NO;
				DEBUG_INFORMATION_FORMAT = dwarf;
				ENABLE_STRICT_OBJC_MSGSEND = YES;
				ENABLE_TESTABILITY = YES;
				GCC_C_LANGUAGE_STANDARD = gnu11;
				GCC_DYNAMIC_NO_PIC = NO;
				GCC_NO_COMMON_BLOCKS = YES;
				GCC_OPTIMIZATION_LEVEL = 0;
				GCC_PREPROCESSOR_DEFINITIONS = (
					"DEBUG=1",
					"$(inherited)",
				);
				GCC_WARN_64_TO_32_BIT_CONVERSION = YES;
				GCC_WARN_ABOUT_RETURN_TYPE = YES_ERROR;
				GCC_WARN_UNDECLARED_SELECTOR = YES;
				GCC_WARN_UNINITIALIZED_AUTOS = YES_AGGRESSIVE;
				GCC_WARN_UNUSED_FUNCTION = YES;
				GCC_WARN_UNUSED_VARIABLE = YES;
				IPHONEOS_DEPLOYMENT_TARGET = 15.5;
				MTL_ENABLE_DEBUG_INFO = INCLUDE_SOURCE;
				MTL_FAST_MATH = YES;
				ONLY_ACTIVE_ARCH = YES;
				SDKROOT = iphoneos;
				SWIFT_ACTIVE_COMPILATION_CONDITIONS = DEBUG;
				SWIFT_OPTIMIZATION_LEVEL = "-Onone";
			};
			name = Debug;
		};
		68EF849A28EF10BA00EB4822 /* Release */ = {
			isa = XCBuildConfiguration;
			buildSettings = {
				ALWAYS_SEARCH_USER_PATHS = NO;
				CLANG_ANALYZER_NONNULL = YES;
				CLANG_ANALYZER_NUMBER_OBJECT_CONVERSION = YES_AGGRESSIVE;
				CLANG_CXX_LANGUAGE_STANDARD = "gnu++17";
				CLANG_ENABLE_MODULES = YES;
				CLANG_ENABLE_OBJC_ARC = YES;
				CLANG_ENABLE_OBJC_WEAK = YES;
				CLANG_WARN_BLOCK_CAPTURE_AUTORELEASING = YES;
				CLANG_WARN_BOOL_CONVERSION = YES;
				CLANG_WARN_COMMA = YES;
				CLANG_WARN_CONSTANT_CONVERSION = YES;
				CLANG_WARN_DEPRECATED_OBJC_IMPLEMENTATIONS = YES;
				CLANG_WARN_DIRECT_OBJC_ISA_USAGE = YES_ERROR;
				CLANG_WARN_DOCUMENTATION_COMMENTS = YES;
				CLANG_WARN_EMPTY_BODY = YES;
				CLANG_WARN_ENUM_CONVERSION = YES;
				CLANG_WARN_INFINITE_RECURSION = YES;
				CLANG_WARN_INT_CONVERSION = YES;
				CLANG_WARN_NON_LITERAL_NULL_CONVERSION = YES;
				CLANG_WARN_OBJC_IMPLICIT_RETAIN_SELF = YES;
				CLANG_WARN_OBJC_LITERAL_CONVERSION = YES;
				CLANG_WARN_OBJC_ROOT_CLASS = YES_ERROR;
				CLANG_WARN_QUOTED_INCLUDE_IN_FRAMEWORK_HEADER = YES;
				CLANG_WARN_RANGE_LOOP_ANALYSIS = YES;
				CLANG_WARN_STRICT_PROTOTYPES = YES;
				CLANG_WARN_SUSPICIOUS_MOVE = YES;
				CLANG_WARN_UNGUARDED_AVAILABILITY = YES_AGGRESSIVE;
				CLANG_WARN_UNREACHABLE_CODE = YES;
				CLANG_WARN__DUPLICATE_METHOD_MATCH = YES;
				COPY_PHASE_STRIP = NO;
				DEBUG_INFORMATION_FORMAT = "dwarf-with-dsym";
				ENABLE_NS_ASSERTIONS = NO;
				ENABLE_STRICT_OBJC_MSGSEND = YES;
				GCC_C_LANGUAGE_STANDARD = gnu11;
				GCC_NO_COMMON_BLOCKS = YES;
				GCC_WARN_64_TO_32_BIT_CONVERSION = YES;
				GCC_WARN_ABOUT_RETURN_TYPE = YES_ERROR;
				GCC_WARN_UNDECLARED_SELECTOR = YES;
				GCC_WARN_UNINITIALIZED_AUTOS = YES_AGGRESSIVE;
				GCC_WARN_UNUSED_FUNCTION = YES;
				GCC_WARN_UNUSED_VARIABLE = YES;
				IPHONEOS_DEPLOYMENT_TARGET = 15.5;
				MTL_ENABLE_DEBUG_INFO = NO;
				MTL_FAST_MATH = YES;
				SDKROOT = iphoneos;
				SWIFT_COMPILATION_MODE = wholemodule;
				SWIFT_OPTIMIZATION_LEVEL = "-O";
				VALIDATE_PRODUCT = YES;
			};
			name = Release;
		};
		68EF849C28EF10BA00EB4822 /* Debug */ = {
			isa = XCBuildConfiguration;
			buildSettings = {
				ASSETCATALOG_COMPILER_APPICON_NAME = AppIcon;
				ASSETCATALOG_COMPILER_GLOBAL_ACCENT_COLOR_NAME = AccentColor;
				CODE_SIGN_STYLE = Automatic;
				CURRENT_PROJECT_VERSION = 1;
				DEVELOPMENT_TEAM = PHNZ525549;
				GENERATE_INFOPLIST_FILE = YES;
				INFOPLIST_FILE = RouteCost/Info.plist;
				INFOPLIST_KEY_UIApplicationSupportsIndirectInputEvents = YES;
				INFOPLIST_KEY_UILaunchStoryboardName = LaunchScreen;
				INFOPLIST_KEY_UIMainStoryboardFile = Main;
				INFOPLIST_KEY_UISupportedInterfaceOrientations_iPad = "UIInterfaceOrientationPortrait UIInterfaceOrientationPortraitUpsideDown UIInterfaceOrientationLandscapeLeft UIInterfaceOrientationLandscapeRight";
				INFOPLIST_KEY_UISupportedInterfaceOrientations_iPhone = "UIInterfaceOrientationPortrait UIInterfaceOrientationLandscapeLeft UIInterfaceOrientationLandscapeRight";
				LD_RUNPATH_SEARCH_PATHS = (
					"$(inherited)",
					"@executable_path/Frameworks",
				);
				MARKETING_VERSION = 1.0;
				PRODUCT_BUNDLE_IDENTIFIER = egorYankovich.RouteCost;
				PRODUCT_NAME = "$(TARGET_NAME)";
				SWIFT_EMIT_LOC_STRINGS = YES;
				SWIFT_VERSION = 5.0;
				TARGETED_DEVICE_FAMILY = "1,2";
			};
			name = Debug;
		};
		68EF849D28EF10BA00EB4822 /* Release */ = {
			isa = XCBuildConfiguration;
			buildSettings = {
				ASSETCATALOG_COMPILER_APPICON_NAME = AppIcon;
				ASSETCATALOG_COMPILER_GLOBAL_ACCENT_COLOR_NAME = AccentColor;
				CODE_SIGN_STYLE = Automatic;
				CURRENT_PROJECT_VERSION = 1;
				DEVELOPMENT_TEAM = PHNZ525549;
				GENERATE_INFOPLIST_FILE = YES;
				INFOPLIST_FILE = RouteCost/Info.plist;
				INFOPLIST_KEY_UIApplicationSupportsIndirectInputEvents = YES;
				INFOPLIST_KEY_UILaunchStoryboardName = LaunchScreen;
				INFOPLIST_KEY_UIMainStoryboardFile = Main;
				INFOPLIST_KEY_UISupportedInterfaceOrientations_iPad = "UIInterfaceOrientationPortrait UIInterfaceOrientationPortraitUpsideDown UIInterfaceOrientationLandscapeLeft UIInterfaceOrientationLandscapeRight";
				INFOPLIST_KEY_UISupportedInterfaceOrientations_iPhone = "UIInterfaceOrientationPortrait UIInterfaceOrientationLandscapeLeft UIInterfaceOrientationLandscapeRight";
				LD_RUNPATH_SEARCH_PATHS = (
					"$(inherited)",
					"@executable_path/Frameworks",
				);
				MARKETING_VERSION = 1.0;
				PRODUCT_BUNDLE_IDENTIFIER = egorYankovich.RouteCost;
				PRODUCT_NAME = "$(TARGET_NAME)";
				SWIFT_EMIT_LOC_STRINGS = YES;
				SWIFT_VERSION = 5.0;
				TARGETED_DEVICE_FAMILY = "1,2";
			};
			name = Release;
		};
/* End XCBuildConfiguration section */

/* Begin XCConfigurationList section */
		68EF847F28EF10B400EB4822 /* Build configuration list for PBXProject "RouteCost" */ = {
			isa = XCConfigurationList;
			buildConfigurations = (
				68EF849928EF10BA00EB4822 /* Debug */,
				68EF849A28EF10BA00EB4822 /* Release */,
			);
			defaultConfigurationIsVisible = 0;
			defaultConfigurationName = Release;
		};
		68EF849B28EF10BA00EB4822 /* Build configuration list for PBXNativeTarget "RouteCost" */ = {
			isa = XCConfigurationList;
			buildConfigurations = (
				68EF849C28EF10BA00EB4822 /* Debug */,
				68EF849D28EF10BA00EB4822 /* Release */,
			);
			defaultConfigurationIsVisible = 0;
			defaultConfigurationName = Release;
		};
/* End XCConfigurationList section */

/* Begin XCVersionGroup section */
		68EF849028EF10B500EB4822 /* RouteCost.xcdatamodeld */ = {
			isa = XCVersionGroup;
			children = (
				68EF849128EF10B500EB4822 /* RouteCost.xcdatamodel */,
			);
			currentVersion = 68EF849128EF10B500EB4822 /* RouteCost.xcdatamodel */;
			path = RouteCost.xcdatamodeld;
			sourceTree = "<group>";
			versionGroupType = wrapper.xcdatamodel;
		};
/* End XCVersionGroup section */
	};
	rootObject = 68EF847C28EF10B400EB4822 /* Project object */;
}
